// !$*UTF8*$!
{
	archiveVersion = 1;
	classes = {
	};
	objectVersion = 55;
	objects = {

/* Begin PBXBuildFile section */
		566B0E98D23A569D3C9C3FFC /* Pods_SpaceX.framework in Frameworks */ = {isa = PBXBuildFile; fileRef = A12767197E4C9C7C9AF415A6 /* Pods_SpaceX.framework */; };
		F601236329643267007DF5D4 /* AppDelegate.swift in Sources */ = {isa = PBXBuildFile; fileRef = F601236229643267007DF5D4 /* AppDelegate.swift */; };
		F601236C29643269007DF5D4 /* Assets.xcassets in Resources */ = {isa = PBXBuildFile; fileRef = F601236B29643269007DF5D4 /* Assets.xcassets */; };
		F601236F29643269007DF5D4 /* LaunchScreen.storyboard in Resources */ = {isa = PBXBuildFile; fileRef = F601236D29643269007DF5D4 /* LaunchScreen.storyboard */; };
		F601238129645C10007DF5D4 /* DependencyProvider.swift in Sources */ = {isa = PBXBuildFile; fileRef = F601238029645C10007DF5D4 /* DependencyProvider.swift */; };
		F601238329645C39007DF5D4 /* HasNetworkService.swift in Sources */ = {isa = PBXBuildFile; fileRef = F601238229645C39007DF5D4 /* HasNetworkService.swift */; };
		F601238529645F8F007DF5D4 /* NetworkService.swift in Sources */ = {isa = PBXBuildFile; fileRef = F601238429645F8F007DF5D4 /* NetworkService.swift */; };
		F6012387296467DD007DF5D4 /* SpacexService.swift in Sources */ = {isa = PBXBuildFile; fileRef = F6012386296467DD007DF5D4 /* SpacexService.swift */; };
		F6012389296469CA007DF5D4 /* Launch.swift in Sources */ = {isa = PBXBuildFile; fileRef = F6012388296469CA007DF5D4 /* Launch.swift */; };
		F601238B296469CE007DF5D4 /* Rocket.swift in Sources */ = {isa = PBXBuildFile; fileRef = F601238A296469CE007DF5D4 /* Rocket.swift */; };
		F601238D29647859007DF5D4 /* LoaderHUD.swift in Sources */ = {isa = PBXBuildFile; fileRef = F601238C29647859007DF5D4 /* LoaderHUD.swift */; };
		F601238F29647882007DF5D4 /* loader-animation.json in Resources */ = {isa = PBXBuildFile; fileRef = F601238E29647881007DF5D4 /* loader-animation.json */; };
		F601239129647953007DF5D4 /* AppCoordinator.swift in Sources */ = {isa = PBXBuildFile; fileRef = F601239029647953007DF5D4 /* AppCoordinator.swift */; };
		F601239429647982007DF5D4 /* BaseCoordinator.swift in Sources */ = {isa = PBXBuildFile; fileRef = F601239329647982007DF5D4 /* BaseCoordinator.swift */; };
		F60123962964798B007DF5D4 /* Router.swift in Sources */ = {isa = PBXBuildFile; fileRef = F60123952964798B007DF5D4 /* Router.swift */; };
		F6012399296479D1007DF5D4 /* CoordinatorType.swift in Sources */ = {isa = PBXBuildFile; fileRef = F6012398296479D1007DF5D4 /* CoordinatorType.swift */; };
		F601239B296479DA007DF5D4 /* Coordinator.swift in Sources */ = {isa = PBXBuildFile; fileRef = F601239A296479DA007DF5D4 /* Coordinator.swift */; };
		F601239D296479E0007DF5D4 /* Presentable.swift in Sources */ = {isa = PBXBuildFile; fileRef = F601239C296479E0007DF5D4 /* Presentable.swift */; };
		F601239F296479E5007DF5D4 /* RouterType.swift in Sources */ = {isa = PBXBuildFile; fileRef = F601239E296479E5007DF5D4 /* RouterType.swift */; };
		F60123A329647A4A007DF5D4 /* AppModuleFactory.swift in Sources */ = {isa = PBXBuildFile; fileRef = F60123A229647A4A007DF5D4 /* AppModuleFactory.swift */; };
		F60123A529647A52007DF5D4 /* AppModuleFactoryType.swift in Sources */ = {isa = PBXBuildFile; fileRef = F60123A429647A52007DF5D4 /* AppModuleFactoryType.swift */; };
		F60123A929647AB5007DF5D4 /* LaunchListViewController.swift in Sources */ = {isa = PBXBuildFile; fileRef = F60123A829647AB5007DF5D4 /* LaunchListViewController.swift */; };
		F60123AB29647ABC007DF5D4 /* LaunchListViewModel.swift in Sources */ = {isa = PBXBuildFile; fileRef = F60123AA29647ABC007DF5D4 /* LaunchListViewModel.swift */; };
		F60123AD29647AEA007DF5D4 /* RocketDetailsViewController.swift in Sources */ = {isa = PBXBuildFile; fileRef = F60123AC29647AEA007DF5D4 /* RocketDetailsViewController.swift */; };
		F60123AF29647AF7007DF5D4 /* RocketDetailsViewModel.swift in Sources */ = {isa = PBXBuildFile; fileRef = F60123AE29647AF7007DF5D4 /* RocketDetailsViewModel.swift */; };
		F60123B9296485F0007DF5D4 /* LaunchListViewController.storyboard in Resources */ = {isa = PBXBuildFile; fileRef = F60123B8296485F0007DF5D4 /* LaunchListViewController.storyboard */; };
		F60123BB296485FF007DF5D4 /* RocketDetailsViewController.storyboard in Resources */ = {isa = PBXBuildFile; fileRef = F60123BA296485FF007DF5D4 /* RocketDetailsViewController.storyboard */; };
		F60123BD29648651007DF5D4 /* StoryboardLoadable.swift in Sources */ = {isa = PBXBuildFile; fileRef = F60123BC29648651007DF5D4 /* StoryboardLoadable.swift */; };
		F604B43A2966C83D005B9081 /* UIView+CornerRadius.swift in Sources */ = {isa = PBXBuildFile; fileRef = F604B4392966C83D005B9081 /* UIView+CornerRadius.swift */; };
		F604B43C2968EC94005B9081 /* Links.swift in Sources */ = {isa = PBXBuildFile; fileRef = F604B43B2968EC94005B9081 /* Links.swift */; };
		F604B43E2968ED0F005B9081 /* Patch.swift in Sources */ = {isa = PBXBuildFile; fileRef = F604B43D2968ED0F005B9081 /* Patch.swift */; };
		F6898EB72964C203009A444F /* UIViewController+Extensions.swift in Sources */ = {isa = PBXBuildFile; fileRef = F6898EB62964C203009A444F /* UIViewController+Extensions.swift */; };
		F6898EB92964C532009A444F /* String+ToDate.swift in Sources */ = {isa = PBXBuildFile; fileRef = F6898EB82964C532009A444F /* String+ToDate.swift */; };
		F6898EBB2964C557009A444F /* Date+Dateable.swift in Sources */ = {isa = PBXBuildFile; fileRef = F6898EBA2964C557009A444F /* Date+Dateable.swift */; };
		F6898EBD2964C56C009A444F /* Dateable.swift in Sources */ = {isa = PBXBuildFile; fileRef = F6898EBC2964C56C009A444F /* Dateable.swift */; };
		F6898EBF29657D68009A444F /* Fonts.swift in Sources */ = {isa = PBXBuildFile; fileRef = F6898EBE29657D68009A444F /* Fonts.swift */; };
		F6898EC12965876F009A444F /* UILabel+Extensions.swift in Sources */ = {isa = PBXBuildFile; fileRef = F6898EC02965876F009A444F /* UILabel+Extensions.swift */; };
		F6898ED629658975009A444F /* LaunchCollectionViewCell.swift in Sources */ = {isa = PBXBuildFile; fileRef = F6898ED429658975009A444F /* LaunchCollectionViewCell.swift */; };
		F6898ED729658975009A444F /* LaunchCollectionViewCell.xib in Resources */ = {isa = PBXBuildFile; fileRef = F6898ED529658975009A444F /* LaunchCollectionViewCell.xib */; };
		F6898ED929658983009A444F /* LaunchViewModel.swift in Sources */ = {isa = PBXBuildFile; fileRef = F6898ED829658983009A444F /* LaunchViewModel.swift */; };
		F6898EDB2965A250009A444F /* CellIdentifiable.swift in Sources */ = {isa = PBXBuildFile; fileRef = F6898EDA2965A250009A444F /* CellIdentifiable.swift */; };
		F6898EE62965A374009A444F /* Lato-ThinItalic.ttf in Resources */ = {isa = PBXBuildFile; fileRef = F6898EDC2965A373009A444F /* Lato-ThinItalic.ttf */; };
		F6898EE72965A374009A444F /* Lato-Bold.ttf in Resources */ = {isa = PBXBuildFile; fileRef = F6898EDD2965A373009A444F /* Lato-Bold.ttf */; };
		F6898EE82965A374009A444F /* Lato-LightItalic.ttf in Resources */ = {isa = PBXBuildFile; fileRef = F6898EDE2965A373009A444F /* Lato-LightItalic.ttf */; };
		F6898EE92965A374009A444F /* Lato-BlackItalic.ttf in Resources */ = {isa = PBXBuildFile; fileRef = F6898EDF2965A373009A444F /* Lato-BlackItalic.ttf */; };
		F6898EEA2965A374009A444F /* Lato-Black.ttf in Resources */ = {isa = PBXBuildFile; fileRef = F6898EE02965A373009A444F /* Lato-Black.ttf */; };
		F6898EEB2965A374009A444F /* Lato-BoldItalic.ttf in Resources */ = {isa = PBXBuildFile; fileRef = F6898EE12965A373009A444F /* Lato-BoldItalic.ttf */; };
		F6898EEC2965A374009A444F /* Lato-Italic.ttf in Resources */ = {isa = PBXBuildFile; fileRef = F6898EE22965A373009A444F /* Lato-Italic.ttf */; };
		F6898EED2965A374009A444F /* Lato-Regular.ttf in Resources */ = {isa = PBXBuildFile; fileRef = F6898EE32965A373009A444F /* Lato-Regular.ttf */; };
		F6898EEE2965A374009A444F /* Lato-Light.ttf in Resources */ = {isa = PBXBuildFile; fileRef = F6898EE42965A373009A444F /* Lato-Light.ttf */; };
		F6898EEF2965A374009A444F /* Lato-Thin.ttf in Resources */ = {isa = PBXBuildFile; fileRef = F6898EE52965A374009A444F /* Lato-Thin.ttf */; };
/* End PBXBuildFile section */

/* Begin PBXFileReference section */
		0C52100B8F0986CE40E97EFE /* Pods-SpaceX.release.xcconfig */ = {isa = PBXFileReference; includeInIndex = 1; lastKnownFileType = text.xcconfig; name = "Pods-SpaceX.release.xcconfig"; path = "Target Support Files/Pods-SpaceX/Pods-SpaceX.release.xcconfig"; sourceTree = "<group>"; };
		73A00CB3389095F25C00E9BF /* Pods-SpaceX.debug.xcconfig */ = {isa = PBXFileReference; includeInIndex = 1; lastKnownFileType = text.xcconfig; name = "Pods-SpaceX.debug.xcconfig"; path = "Target Support Files/Pods-SpaceX/Pods-SpaceX.debug.xcconfig"; sourceTree = "<group>"; };
		A12767197E4C9C7C9AF415A6 /* Pods_SpaceX.framework */ = {isa = PBXFileReference; explicitFileType = wrapper.framework; includeInIndex = 0; path = Pods_SpaceX.framework; sourceTree = BUILT_PRODUCTS_DIR; };
		F601235F29643267007DF5D4 /* SpaceX.app */ = {isa = PBXFileReference; explicitFileType = wrapper.application; includeInIndex = 0; path = SpaceX.app; sourceTree = BUILT_PRODUCTS_DIR; };
		F601236229643267007DF5D4 /* AppDelegate.swift */ = {isa = PBXFileReference; lastKnownFileType = sourcecode.swift; path = AppDelegate.swift; sourceTree = "<group>"; };
		F601236B29643269007DF5D4 /* Assets.xcassets */ = {isa = PBXFileReference; lastKnownFileType = folder.assetcatalog; path = Assets.xcassets; sourceTree = "<group>"; };
		F601236E29643269007DF5D4 /* Base */ = {isa = PBXFileReference; lastKnownFileType = file.storyboard; name = Base; path = Base.lproj/LaunchScreen.storyboard; sourceTree = "<group>"; };
		F601237029643269007DF5D4 /* Info.plist */ = {isa = PBXFileReference; lastKnownFileType = text.plist.xml; path = Info.plist; sourceTree = "<group>"; };
		F601238029645C10007DF5D4 /* DependencyProvider.swift */ = {isa = PBXFileReference; lastKnownFileType = sourcecode.swift; path = DependencyProvider.swift; sourceTree = "<group>"; };
		F601238229645C39007DF5D4 /* HasNetworkService.swift */ = {isa = PBXFileReference; lastKnownFileType = sourcecode.swift; path = HasNetworkService.swift; sourceTree = "<group>"; };
		F601238429645F8F007DF5D4 /* NetworkService.swift */ = {isa = PBXFileReference; lastKnownFileType = sourcecode.swift; path = NetworkService.swift; sourceTree = "<group>"; };
		F6012386296467DD007DF5D4 /* SpacexService.swift */ = {isa = PBXFileReference; lastKnownFileType = sourcecode.swift; path = SpacexService.swift; sourceTree = "<group>"; };
		F6012388296469CA007DF5D4 /* Launch.swift */ = {isa = PBXFileReference; lastKnownFileType = sourcecode.swift; path = Launch.swift; sourceTree = "<group>"; };
		F601238A296469CE007DF5D4 /* Rocket.swift */ = {isa = PBXFileReference; lastKnownFileType = sourcecode.swift; path = Rocket.swift; sourceTree = "<group>"; };
		F601238C29647859007DF5D4 /* LoaderHUD.swift */ = {isa = PBXFileReference; lastKnownFileType = sourcecode.swift; path = LoaderHUD.swift; sourceTree = "<group>"; };
		F601238E29647881007DF5D4 /* loader-animation.json */ = {isa = PBXFileReference; fileEncoding = 4; lastKnownFileType = text.json; path = "loader-animation.json"; sourceTree = "<group>"; };
		F601239029647953007DF5D4 /* AppCoordinator.swift */ = {isa = PBXFileReference; lastKnownFileType = sourcecode.swift; path = AppCoordinator.swift; sourceTree = "<group>"; };
		F601239329647982007DF5D4 /* BaseCoordinator.swift */ = {isa = PBXFileReference; lastKnownFileType = sourcecode.swift; path = BaseCoordinator.swift; sourceTree = "<group>"; };
		F60123952964798B007DF5D4 /* Router.swift */ = {isa = PBXFileReference; lastKnownFileType = sourcecode.swift; path = Router.swift; sourceTree = "<group>"; };
		F6012398296479D1007DF5D4 /* CoordinatorType.swift */ = {isa = PBXFileReference; lastKnownFileType = sourcecode.swift; path = CoordinatorType.swift; sourceTree = "<group>"; };
		F601239A296479DA007DF5D4 /* Coordinator.swift */ = {isa = PBXFileReference; lastKnownFileType = sourcecode.swift; path = Coordinator.swift; sourceTree = "<group>"; };
		F601239C296479E0007DF5D4 /* Presentable.swift */ = {isa = PBXFileReference; lastKnownFileType = sourcecode.swift; path = Presentable.swift; sourceTree = "<group>"; };
		F601239E296479E5007DF5D4 /* RouterType.swift */ = {isa = PBXFileReference; lastKnownFileType = sourcecode.swift; path = RouterType.swift; sourceTree = "<group>"; };
		F60123A229647A4A007DF5D4 /* AppModuleFactory.swift */ = {isa = PBXFileReference; lastKnownFileType = sourcecode.swift; path = AppModuleFactory.swift; sourceTree = "<group>"; };
		F60123A429647A52007DF5D4 /* AppModuleFactoryType.swift */ = {isa = PBXFileReference; lastKnownFileType = sourcecode.swift; path = AppModuleFactoryType.swift; sourceTree = "<group>"; };
		F60123A829647AB5007DF5D4 /* LaunchListViewController.swift */ = {isa = PBXFileReference; lastKnownFileType = sourcecode.swift; path = LaunchListViewController.swift; sourceTree = "<group>"; };
		F60123AA29647ABC007DF5D4 /* LaunchListViewModel.swift */ = {isa = PBXFileReference; lastKnownFileType = sourcecode.swift; path = LaunchListViewModel.swift; sourceTree = "<group>"; };
		F60123AC29647AEA007DF5D4 /* RocketDetailsViewController.swift */ = {isa = PBXFileReference; lastKnownFileType = sourcecode.swift; path = RocketDetailsViewController.swift; sourceTree = "<group>"; };
		F60123AE29647AF7007DF5D4 /* RocketDetailsViewModel.swift */ = {isa = PBXFileReference; lastKnownFileType = sourcecode.swift; path = RocketDetailsViewModel.swift; sourceTree = "<group>"; };
		F60123B8296485F0007DF5D4 /* LaunchListViewController.storyboard */ = {isa = PBXFileReference; lastKnownFileType = file.storyboard; path = LaunchListViewController.storyboard; sourceTree = "<group>"; };
		F60123BA296485FF007DF5D4 /* RocketDetailsViewController.storyboard */ = {isa = PBXFileReference; lastKnownFileType = file.storyboard; path = RocketDetailsViewController.storyboard; sourceTree = "<group>"; };
		F60123BC29648651007DF5D4 /* StoryboardLoadable.swift */ = {isa = PBXFileReference; lastKnownFileType = sourcecode.swift; path = StoryboardLoadable.swift; sourceTree = "<group>"; };
		F604B4392966C83D005B9081 /* UIView+CornerRadius.swift */ = {isa = PBXFileReference; lastKnownFileType = sourcecode.swift; path = "UIView+CornerRadius.swift"; sourceTree = "<group>"; };
		F604B43B2968EC94005B9081 /* Links.swift */ = {isa = PBXFileReference; lastKnownFileType = sourcecode.swift; path = Links.swift; sourceTree = "<group>"; };
		F604B43D2968ED0F005B9081 /* Patch.swift */ = {isa = PBXFileReference; lastKnownFileType = sourcecode.swift; path = Patch.swift; sourceTree = "<group>"; };
		F6898EB62964C203009A444F /* UIViewController+Extensions.swift */ = {isa = PBXFileReference; lastKnownFileType = sourcecode.swift; path = "UIViewController+Extensions.swift"; sourceTree = "<group>"; };
		F6898EB82964C532009A444F /* String+ToDate.swift */ = {isa = PBXFileReference; lastKnownFileType = sourcecode.swift; path = "String+ToDate.swift"; sourceTree = "<group>"; };
		F6898EBA2964C557009A444F /* Date+Dateable.swift */ = {isa = PBXFileReference; lastKnownFileType = sourcecode.swift; path = "Date+Dateable.swift"; sourceTree = "<group>"; };
		F6898EBC2964C56C009A444F /* Dateable.swift */ = {isa = PBXFileReference; lastKnownFileType = sourcecode.swift; path = Dateable.swift; sourceTree = "<group>"; };
		F6898EBE29657D68009A444F /* Fonts.swift */ = {isa = PBXFileReference; lastKnownFileType = sourcecode.swift; path = Fonts.swift; sourceTree = "<group>"; };
		F6898EC02965876F009A444F /* UILabel+Extensions.swift */ = {isa = PBXFileReference; lastKnownFileType = sourcecode.swift; path = "UILabel+Extensions.swift"; sourceTree = "<group>"; };
		F6898ED429658975009A444F /* LaunchCollectionViewCell.swift */ = {isa = PBXFileReference; lastKnownFileType = sourcecode.swift; path = LaunchCollectionViewCell.swift; sourceTree = "<group>"; };
		F6898ED529658975009A444F /* LaunchCollectionViewCell.xib */ = {isa = PBXFileReference; lastKnownFileType = file.xib; path = LaunchCollectionViewCell.xib; sourceTree = "<group>"; };
		F6898ED829658983009A444F /* LaunchViewModel.swift */ = {isa = PBXFileReference; lastKnownFileType = sourcecode.swift; path = LaunchViewModel.swift; sourceTree = "<group>"; };
		F6898EDA2965A250009A444F /* CellIdentifiable.swift */ = {isa = PBXFileReference; lastKnownFileType = sourcecode.swift; path = CellIdentifiable.swift; sourceTree = "<group>"; };
		F6898EDC2965A373009A444F /* Lato-ThinItalic.ttf */ = {isa = PBXFileReference; lastKnownFileType = file; path = "Lato-ThinItalic.ttf"; sourceTree = "<group>"; };
		F6898EDD2965A373009A444F /* Lato-Bold.ttf */ = {isa = PBXFileReference; lastKnownFileType = file; path = "Lato-Bold.ttf"; sourceTree = "<group>"; };
		F6898EDE2965A373009A444F /* Lato-LightItalic.ttf */ = {isa = PBXFileReference; lastKnownFileType = file; path = "Lato-LightItalic.ttf"; sourceTree = "<group>"; };
		F6898EDF2965A373009A444F /* Lato-BlackItalic.ttf */ = {isa = PBXFileReference; lastKnownFileType = file; path = "Lato-BlackItalic.ttf"; sourceTree = "<group>"; };
		F6898EE02965A373009A444F /* Lato-Black.ttf */ = {isa = PBXFileReference; lastKnownFileType = file; path = "Lato-Black.ttf"; sourceTree = "<group>"; };
		F6898EE12965A373009A444F /* Lato-BoldItalic.ttf */ = {isa = PBXFileReference; lastKnownFileType = file; path = "Lato-BoldItalic.ttf"; sourceTree = "<group>"; };
		F6898EE22965A373009A444F /* Lato-Italic.ttf */ = {isa = PBXFileReference; lastKnownFileType = file; path = "Lato-Italic.ttf"; sourceTree = "<group>"; };
		F6898EE32965A373009A444F /* Lato-Regular.ttf */ = {isa = PBXFileReference; lastKnownFileType = file; path = "Lato-Regular.ttf"; sourceTree = "<group>"; };
		F6898EE42965A373009A444F /* Lato-Light.ttf */ = {isa = PBXFileReference; lastKnownFileType = file; path = "Lato-Light.ttf"; sourceTree = "<group>"; };
		F6898EE52965A374009A444F /* Lato-Thin.ttf */ = {isa = PBXFileReference; lastKnownFileType = file; path = "Lato-Thin.ttf"; sourceTree = "<group>"; };
/* End PBXFileReference section */

/* Begin PBXFrameworksBuildPhase section */
		F601235C29643267007DF5D4 /* Frameworks */ = {
			isa = PBXFrameworksBuildPhase;
			buildActionMask = 2147483647;
			files = (
				566B0E98D23A569D3C9C3FFC /* Pods_SpaceX.framework in Frameworks */,
			);
			runOnlyForDeploymentPostprocessing = 0;
		};
/* End PBXFrameworksBuildPhase section */

/* Begin PBXGroup section */
		496247966165AE6435D58276 /* Frameworks */ = {
			isa = PBXGroup;
			children = (
				A12767197E4C9C7C9AF415A6 /* Pods_SpaceX.framework */,
			);
			name = Frameworks;
			sourceTree = "<group>";
		};
		664CE07926AE4550319D756D /* Pods */ = {
			isa = PBXGroup;
			children = (
				73A00CB3389095F25C00E9BF /* Pods-SpaceX.debug.xcconfig */,
				0C52100B8F0986CE40E97EFE /* Pods-SpaceX.release.xcconfig */,
			);
			path = Pods;
			sourceTree = "<group>";
		};
		F601235629643267007DF5D4 = {
			isa = PBXGroup;
			children = (
				F601236129643267007DF5D4 /* SpaceX */,
				F601236029643267007DF5D4 /* Products */,
				664CE07926AE4550319D756D /* Pods */,
				496247966165AE6435D58276 /* Frameworks */,
			);
			sourceTree = "<group>";
		};
		F601236029643267007DF5D4 /* Products */ = {
			isa = PBXGroup;
			children = (
				F601235F29643267007DF5D4 /* SpaceX.app */,
			);
			name = Products;
			sourceTree = "<group>";
		};
		F601236129643267007DF5D4 /* SpaceX */ = {
			isa = PBXGroup;
			children = (
				F6012376296432D9007DF5D4 /* Application */,
				F601237729643DF5007DF5D4 /* Flows */,
				F601237829643E0A007DF5D4 /* Dependencies */,
				F601237929643E15007DF5D4 /* Extensions */,
				F601237A29643E1C007DF5D4 /* Utilities */,
				F601237B29643E2F007DF5D4 /* Resources */,
				F601237C29643E35007DF5D4 /* Coordinators */,
				F601237D29643E3F007DF5D4 /* Services */,
				F601237E29643E45007DF5D4 /* Models */,
				F601237F29643E4B007DF5D4 /* Protocols */,
				F601236D29643269007DF5D4 /* LaunchScreen.storyboard */,
				F601237029643269007DF5D4 /* Info.plist */,
			);
			path = SpaceX;
			sourceTree = "<group>";
		};
		F6012376296432D9007DF5D4 /* Application */ = {
			isa = PBXGroup;
			children = (
				F601236229643267007DF5D4 /* AppDelegate.swift */,
				F601238029645C10007DF5D4 /* DependencyProvider.swift */,
				F601239029647953007DF5D4 /* AppCoordinator.swift */,
			);
			path = Application;
			sourceTree = "<group>";
		};
		F601237729643DF5007DF5D4 /* Flows */ = {
			isa = PBXGroup;
			children = (
				F60123A729647A9A007DF5D4 /* RocketDetailsModule */,
				F60123A629647A93007DF5D4 /* LaunchListModule */,
				F60123A029647A39007DF5D4 /* AppMainFlow */,
			);
			path = Flows;
			sourceTree = "<group>";
		};
		F601237829643E0A007DF5D4 /* Dependencies */ = {
			isa = PBXGroup;
			children = (
				F601238229645C39007DF5D4 /* HasNetworkService.swift */,
			);
			path = Dependencies;
			sourceTree = "<group>";
		};
		F601237929643E15007DF5D4 /* Extensions */ = {
			isa = PBXGroup;
			children = (
				F6898EB62964C203009A444F /* UIViewController+Extensions.swift */,
				F6898EB82964C532009A444F /* String+ToDate.swift */,
				F6898EBA2964C557009A444F /* Date+Dateable.swift */,
				F6898EC02965876F009A444F /* UILabel+Extensions.swift */,
				F604B4392966C83D005B9081 /* UIView+CornerRadius.swift */,
			);
			path = Extensions;
			sourceTree = "<group>";
		};
		F601237A29643E1C007DF5D4 /* Utilities */ = {
			isa = PBXGroup;
			children = (
				F601238C29647859007DF5D4 /* LoaderHUD.swift */,
				F6898EBE29657D68009A444F /* Fonts.swift */,
			);
			path = Utilities;
			sourceTree = "<group>";
		};
		F601237B29643E2F007DF5D4 /* Resources */ = {
			isa = PBXGroup;
			children = (
				F6898EC2296587F6009A444F /* Fonts */,
				F601238E29647881007DF5D4 /* loader-animation.json */,
				F601236B29643269007DF5D4 /* Assets.xcassets */,
			);
			path = Resources;
			sourceTree = "<group>";
		};
		F601237C29643E35007DF5D4 /* Coordinators */ = {
			isa = PBXGroup;
			children = (
				F601239229647976007DF5D4 /* BaseImplementation */,
				F6012397296479BD007DF5D4 /* Protocols */,
			);
			path = Coordinators;
			sourceTree = "<group>";
		};
		F601237D29643E3F007DF5D4 /* Services */ = {
			isa = PBXGroup;
			children = (
				F601238429645F8F007DF5D4 /* NetworkService.swift */,
				F6012386296467DD007DF5D4 /* SpacexService.swift */,
			);
			path = Services;
			sourceTree = "<group>";
		};
		F601237E29643E45007DF5D4 /* Models */ = {
			isa = PBXGroup;
			children = (
				F6012388296469CA007DF5D4 /* Launch.swift */,
				F604B43B2968EC94005B9081 /* Links.swift */,
				F601238A296469CE007DF5D4 /* Rocket.swift */,
				F604B43D2968ED0F005B9081 /* Patch.swift */,
			);
			path = Models;
			sourceTree = "<group>";
		};
		F601237F29643E4B007DF5D4 /* Protocols */ = {
			isa = PBXGroup;
			children = (
				F6898EBC2964C56C009A444F /* Dateable.swift */,
				F6898EDA2965A250009A444F /* CellIdentifiable.swift */,
			);
			path = Protocols;
			sourceTree = "<group>";
		};
		F601239229647976007DF5D4 /* BaseImplementation */ = {
			isa = PBXGroup;
			children = (
				F601239329647982007DF5D4 /* BaseCoordinator.swift */,
				F60123952964798B007DF5D4 /* Router.swift */,
			);
			path = BaseImplementation;
			sourceTree = "<group>";
		};
		F6012397296479BD007DF5D4 /* Protocols */ = {
			isa = PBXGroup;
			children = (
				F6012398296479D1007DF5D4 /* CoordinatorType.swift */,
				F601239A296479DA007DF5D4 /* Coordinator.swift */,
				F601239C296479E0007DF5D4 /* Presentable.swift */,
				F601239E296479E5007DF5D4 /* RouterType.swift */,
				F60123BC29648651007DF5D4 /* StoryboardLoadable.swift */,
			);
			path = Protocols;
			sourceTree = "<group>";
		};
		F60123A029647A39007DF5D4 /* AppMainFlow */ = {
			isa = PBXGroup;
			children = (
				F60123A129647A40007DF5D4 /* ModuleFactory */,
			);
			path = AppMainFlow;
			sourceTree = "<group>";
		};
		F60123A129647A40007DF5D4 /* ModuleFactory */ = {
			isa = PBXGroup;
			children = (
				F60123A229647A4A007DF5D4 /* AppModuleFactory.swift */,
				F60123A429647A52007DF5D4 /* AppModuleFactoryType.swift */,
			);
			path = ModuleFactory;
			sourceTree = "<group>";
		};
		F60123A629647A93007DF5D4 /* LaunchListModule */ = {
			isa = PBXGroup;
			children = (
				F6898ED329658959009A444F /* LaunchCollectionViewCell */,
				F60123A829647AB5007DF5D4 /* LaunchListViewController.swift */,
				F60123AA29647ABC007DF5D4 /* LaunchListViewModel.swift */,
				F60123B8296485F0007DF5D4 /* LaunchListViewController.storyboard */,
			);
			path = LaunchListModule;
			sourceTree = "<group>";
		};
		F60123A729647A9A007DF5D4 /* RocketDetailsModule */ = {
			isa = PBXGroup;
			children = (
				F60123AC29647AEA007DF5D4 /* RocketDetailsViewController.swift */,
				F60123AE29647AF7007DF5D4 /* RocketDetailsViewModel.swift */,
				F60123BA296485FF007DF5D4 /* RocketDetailsViewController.storyboard */,
			);
			path = RocketDetailsModule;
			sourceTree = "<group>";
		};
		F6898EC2296587F6009A444F /* Fonts */ = {
			isa = PBXGroup;
			children = (
				F6898EE02965A373009A444F /* Lato-Black.ttf */,
				F6898EDF2965A373009A444F /* Lato-BlackItalic.ttf */,
				F6898EDD2965A373009A444F /* Lato-Bold.ttf */,
				F6898EE12965A373009A444F /* Lato-BoldItalic.ttf */,
				F6898EE22965A373009A444F /* Lato-Italic.ttf */,
				F6898EE42965A373009A444F /* Lato-Light.ttf */,
				F6898EDE2965A373009A444F /* Lato-LightItalic.ttf */,
				F6898EE32965A373009A444F /* Lato-Regular.ttf */,
				F6898EE52965A374009A444F /* Lato-Thin.ttf */,
				F6898EDC2965A373009A444F /* Lato-ThinItalic.ttf */,
			);
			path = Fonts;
			sourceTree = "<group>";
		};
		F6898ED329658959009A444F /* LaunchCollectionViewCell */ = {
			isa = PBXGroup;
			children = (
				F6898ED429658975009A444F /* LaunchCollectionViewCell.swift */,
				F6898ED529658975009A444F /* LaunchCollectionViewCell.xib */,
				F6898ED829658983009A444F /* LaunchViewModel.swift */,
			);
			path = LaunchCollectionViewCell;
			sourceTree = "<group>";
		};
/* End PBXGroup section */

/* Begin PBXNativeTarget section */
		F601235E29643267007DF5D4 /* SpaceX */ = {
			isa = PBXNativeTarget;
			buildConfigurationList = F601237329643269007DF5D4 /* Build configuration list for PBXNativeTarget "SpaceX" */;
			buildPhases = (
				4D85F4719B4D0E4704212F9D /* [CP] Check Pods Manifest.lock */,
				F601235B29643267007DF5D4 /* Sources */,
				F601235C29643267007DF5D4 /* Frameworks */,
				F601235D29643267007DF5D4 /* Resources */,
				ACDA8162958C5CD9567691A9 /* [CP] Embed Pods Frameworks */,
			);
			buildRules = (
			);
			dependencies = (
			);
			name = SpaceX;
			productName = SpaceX;
			productReference = F601235F29643267007DF5D4 /* SpaceX.app */;
			productType = "com.apple.product-type.application";
		};
/* End PBXNativeTarget section */

/* Begin PBXProject section */
		F601235729643267007DF5D4 /* Project object */ = {
			isa = PBXProject;
			attributes = {
				BuildIndependentTargetsInParallel = 1;
				LastSwiftUpdateCheck = 1340;
				LastUpgradeCheck = 1340;
				TargetAttributes = {
					F601235E29643267007DF5D4 = {
						CreatedOnToolsVersion = 13.4;
					};
				};
			};
			buildConfigurationList = F601235A29643267007DF5D4 /* Build configuration list for PBXProject "SpaceX" */;
			compatibilityVersion = "Xcode 13.0";
			developmentRegion = en;
			hasScannedForEncodings = 0;
			knownRegions = (
				en,
				Base,
			);
			mainGroup = F601235629643267007DF5D4;
			productRefGroup = F601236029643267007DF5D4 /* Products */;
			projectDirPath = "";
			projectRoot = "";
			targets = (
				F601235E29643267007DF5D4 /* SpaceX */,
			);
		};
/* End PBXProject section */

/* Begin PBXResourcesBuildPhase section */
		F601235D29643267007DF5D4 /* Resources */ = {
			isa = PBXResourcesBuildPhase;
			buildActionMask = 2147483647;
			files = (
				F6898EEE2965A374009A444F /* Lato-Light.ttf in Resources */,
				F601236F29643269007DF5D4 /* LaunchScreen.storyboard in Resources */,
				F6898EE62965A374009A444F /* Lato-ThinItalic.ttf in Resources */,
				F6898EEC2965A374009A444F /* Lato-Italic.ttf in Resources */,
				F6898EE92965A374009A444F /* Lato-BlackItalic.ttf in Resources */,
				F6898EEB2965A374009A444F /* Lato-BoldItalic.ttf in Resources */,
				F601238F29647882007DF5D4 /* loader-animation.json in Resources */,
				F601236C29643269007DF5D4 /* Assets.xcassets in Resources */,
				F60123B9296485F0007DF5D4 /* LaunchListViewController.storyboard in Resources */,
				F6898EEF2965A374009A444F /* Lato-Thin.ttf in Resources */,
				F6898EEA2965A374009A444F /* Lato-Black.ttf in Resources */,
				F6898ED729658975009A444F /* LaunchCollectionViewCell.xib in Resources */,
				F60123BB296485FF007DF5D4 /* RocketDetailsViewController.storyboard in Resources */,
				F6898EED2965A374009A444F /* Lato-Regular.ttf in Resources */,
				F6898EE82965A374009A444F /* Lato-LightItalic.ttf in Resources */,
				F6898EE72965A374009A444F /* Lato-Bold.ttf in Resources */,
			);
			runOnlyForDeploymentPostprocessing = 0;
		};
/* End PBXResourcesBuildPhase section */

/* Begin PBXShellScriptBuildPhase section */
		4D85F4719B4D0E4704212F9D /* [CP] Check Pods Manifest.lock */ = {
			isa = PBXShellScriptBuildPhase;
			buildActionMask = 2147483647;
			files = (
			);
			inputFileListPaths = (
			);
			inputPaths = (
				"${PODS_PODFILE_DIR_PATH}/Podfile.lock",
				"${PODS_ROOT}/Manifest.lock",
			);
			name = "[CP] Check Pods Manifest.lock";
			outputFileListPaths = (
			);
			outputPaths = (
				"$(DERIVED_FILE_DIR)/Pods-SpaceX-checkManifestLockResult.txt",
			);
			runOnlyForDeploymentPostprocessing = 0;
			shellPath = /bin/sh;
			shellScript = "diff \"${PODS_PODFILE_DIR_PATH}/Podfile.lock\" \"${PODS_ROOT}/Manifest.lock\" > /dev/null\nif [ $? != 0 ] ; then\n    # print error to STDERR\n    echo \"error: The sandbox is not in sync with the Podfile.lock. Run 'pod install' or update your CocoaPods installation.\" >&2\n    exit 1\nfi\n# This output is used by Xcode 'outputs' to avoid re-running this script phase.\necho \"SUCCESS\" > \"${SCRIPT_OUTPUT_FILE_0}\"\n";
			showEnvVarsInLog = 0;
		};
		ACDA8162958C5CD9567691A9 /* [CP] Embed Pods Frameworks */ = {
			isa = PBXShellScriptBuildPhase;
			buildActionMask = 2147483647;
			files = (
			);
			inputFileListPaths = (
				"${PODS_ROOT}/Target Support Files/Pods-SpaceX/Pods-SpaceX-frameworks-${CONFIGURATION}-input-files.xcfilelist",
			);
			name = "[CP] Embed Pods Frameworks";
			outputFileListPaths = (
				"${PODS_ROOT}/Target Support Files/Pods-SpaceX/Pods-SpaceX-frameworks-${CONFIGURATION}-output-files.xcfilelist",
			);
			runOnlyForDeploymentPostprocessing = 0;
			shellPath = /bin/sh;
			shellScript = "\"${PODS_ROOT}/Target Support Files/Pods-SpaceX/Pods-SpaceX-frameworks.sh\"\n";
			showEnvVarsInLog = 0;
		};
/* End PBXShellScriptBuildPhase section */

/* Begin PBXSourcesBuildPhase section */
		F601235B29643267007DF5D4 /* Sources */ = {
			isa = PBXSourcesBuildPhase;
			buildActionMask = 2147483647;
			files = (
				F6898EBF29657D68009A444F /* Fonts.swift in Sources */,
				F601238529645F8F007DF5D4 /* NetworkService.swift in Sources */,
				F601238129645C10007DF5D4 /* DependencyProvider.swift in Sources */,
				F60123A329647A4A007DF5D4 /* AppModuleFactory.swift in Sources */,
				F60123AB29647ABC007DF5D4 /* LaunchListViewModel.swift in Sources */,
				F6898EB72964C203009A444F /* UIViewController+Extensions.swift in Sources */,
				F604B43A2966C83D005B9081 /* UIView+CornerRadius.swift in Sources */,
				F601239129647953007DF5D4 /* AppCoordinator.swift in Sources */,
				F60123AF29647AF7007DF5D4 /* RocketDetailsViewModel.swift in Sources */,
				F601238329645C39007DF5D4 /* HasNetworkService.swift in Sources */,
				F60123962964798B007DF5D4 /* Router.swift in Sources */,
				F601239B296479DA007DF5D4 /* Coordinator.swift in Sources */,
				F60123A529647A52007DF5D4 /* AppModuleFactoryType.swift in Sources */,
				F6898EBB2964C557009A444F /* Date+Dateable.swift in Sources */,
				F6898EB92964C532009A444F /* String+ToDate.swift in Sources */,
				F6898ED629658975009A444F /* LaunchCollectionViewCell.swift in Sources */,
				F6012399296479D1007DF5D4 /* CoordinatorType.swift in Sources */,
				F6898EDB2965A250009A444F /* CellIdentifiable.swift in Sources */,
				F60123A929647AB5007DF5D4 /* LaunchListViewController.swift in Sources */,
				F60123AD29647AEA007DF5D4 /* RocketDetailsViewController.swift in Sources */,
				F601239D296479E0007DF5D4 /* Presentable.swift in Sources */,
				F601238D29647859007DF5D4 /* LoaderHUD.swift in Sources */,
				F6898ED929658983009A444F /* LaunchViewModel.swift in Sources */,
				F6012389296469CA007DF5D4 /* Launch.swift in Sources */,
				F6898EC12965876F009A444F /* UILabel+Extensions.swift in Sources */,
				F60123BD29648651007DF5D4 /* StoryboardLoadable.swift in Sources */,
				F601236329643267007DF5D4 /* AppDelegate.swift in Sources */,
				F6012387296467DD007DF5D4 /* SpacexService.swift in Sources */,
				F604B43C2968EC94005B9081 /* Links.swift in Sources */,
				F6898EBD2964C56C009A444F /* Dateable.swift in Sources */,
				F601239429647982007DF5D4 /* BaseCoordinator.swift in Sources */,
				F601239F296479E5007DF5D4 /* RouterType.swift in Sources */,
				F604B43E2968ED0F005B9081 /* Patch.swift in Sources */,
				F601238B296469CE007DF5D4 /* Rocket.swift in Sources */,
			);
			runOnlyForDeploymentPostprocessing = 0;
		};
/* End PBXSourcesBuildPhase section */

/* Begin PBXVariantGroup section */
		F601236D29643269007DF5D4 /* LaunchScreen.storyboard */ = {
			isa = PBXVariantGroup;
			children = (
				F601236E29643269007DF5D4 /* Base */,
			);
			name = LaunchScreen.storyboard;
			sourceTree = "<group>";
		};
/* End PBXVariantGroup section */

/* Begin XCBuildConfiguration section */
		F601237129643269007DF5D4 /* Debug */ = {
			isa = XCBuildConfiguration;
			buildSettings = {
				ALWAYS_SEARCH_USER_PATHS = NO;
				CLANG_ANALYZER_NONNULL = YES;
				CLANG_ANALYZER_NUMBER_OBJECT_CONVERSION = YES_AGGRESSIVE;
				CLANG_CXX_LANGUAGE_STANDARD = "gnu++17";
				CLANG_ENABLE_MODULES = YES;
				CLANG_ENABLE_OBJC_ARC = YES;
				CLANG_ENABLE_OBJC_WEAK = YES;
				CLANG_WARN_BLOCK_CAPTURE_AUTORELEASING = YES;
				CLANG_WARN_BOOL_CONVERSION = YES;
				CLANG_WARN_COMMA = YES;
				CLANG_WARN_CONSTANT_CONVERSION = YES;
				CLANG_WARN_DEPRECATED_OBJC_IMPLEMENTATIONS = YES;
				CLANG_WARN_DIRECT_OBJC_ISA_USAGE = YES_ERROR;
				CLANG_WARN_DOCUMENTATION_COMMENTS = YES;
				CLANG_WARN_EMPTY_BODY = YES;
				CLANG_WARN_ENUM_CONVERSION = YES;
				CLANG_WARN_INFINITE_RECURSION = YES;
				CLANG_WARN_INT_CONVERSION = YES;
				CLANG_WARN_NON_LITERAL_NULL_CONVERSION = YES;
				CLANG_WARN_OBJC_IMPLICIT_RETAIN_SELF = YES;
				CLANG_WARN_OBJC_LITERAL_CONVERSION = YES;
				CLANG_WARN_OBJC_ROOT_CLASS = YES_ERROR;
				CLANG_WARN_QUOTED_INCLUDE_IN_FRAMEWORK_HEADER = YES;
				CLANG_WARN_RANGE_LOOP_ANALYSIS = YES;
				CLANG_WARN_STRICT_PROTOTYPES = YES;
				CLANG_WARN_SUSPICIOUS_MOVE = YES;
				CLANG_WARN_UNGUARDED_AVAILABILITY = YES_AGGRESSIVE;
				CLANG_WARN_UNREACHABLE_CODE = YES;
				CLANG_WARN__DUPLICATE_METHOD_MATCH = YES;
				COPY_PHASE_STRIP = NO;
				DEBUG_INFORMATION_FORMAT = dwarf;
				ENABLE_STRICT_OBJC_MSGSEND = YES;
				ENABLE_TESTABILITY = YES;
				GCC_C_LANGUAGE_STANDARD = gnu11;
				GCC_DYNAMIC_NO_PIC = NO;
				GCC_NO_COMMON_BLOCKS = YES;
				GCC_OPTIMIZATION_LEVEL = 0;
				GCC_PREPROCESSOR_DEFINITIONS = (
					"DEBUG=1",
					"$(inherited)",
				);
				GCC_WARN_64_TO_32_BIT_CONVERSION = YES;
				GCC_WARN_ABOUT_RETURN_TYPE = YES_ERROR;
				GCC_WARN_UNDECLARED_SELECTOR = YES;
				GCC_WARN_UNINITIALIZED_AUTOS = YES_AGGRESSIVE;
				GCC_WARN_UNUSED_FUNCTION = YES;
				GCC_WARN_UNUSED_VARIABLE = YES;
				IPHONEOS_DEPLOYMENT_TARGET = 14.0;
				MTL_ENABLE_DEBUG_INFO = INCLUDE_SOURCE;
				MTL_FAST_MATH = YES;
				ONLY_ACTIVE_ARCH = YES;
				SDKROOT = iphoneos;
				SWIFT_ACTIVE_COMPILATION_CONDITIONS = DEBUG;
				SWIFT_OPTIMIZATION_LEVEL = "-Onone";
			};
			name = Debug;
		};
		F601237229643269007DF5D4 /* Release */ = {
			isa = XCBuildConfiguration;
			buildSettings = {
				ALWAYS_SEARCH_USER_PATHS = NO;
				CLANG_ANALYZER_NONNULL = YES;
				CLANG_ANALYZER_NUMBER_OBJECT_CONVERSION = YES_AGGRESSIVE;
				CLANG_CXX_LANGUAGE_STANDARD = "gnu++17";
				CLANG_ENABLE_MODULES = YES;
				CLANG_ENABLE_OBJC_ARC = YES;
				CLANG_ENABLE_OBJC_WEAK = YES;
				CLANG_WARN_BLOCK_CAPTURE_AUTORELEASING = YES;
				CLANG_WARN_BOOL_CONVERSION = YES;
				CLANG_WARN_COMMA = YES;
				CLANG_WARN_CONSTANT_CONVERSION = YES;
				CLANG_WARN_DEPRECATED_OBJC_IMPLEMENTATIONS = YES;
				CLANG_WARN_DIRECT_OBJC_ISA_USAGE = YES_ERROR;
				CLANG_WARN_DOCUMENTATION_COMMENTS = YES;
				CLANG_WARN_EMPTY_BODY = YES;
				CLANG_WARN_ENUM_CONVERSION = YES;
				CLANG_WARN_INFINITE_RECURSION = YES;
				CLANG_WARN_INT_CONVERSION = YES;
				CLANG_WARN_NON_LITERAL_NULL_CONVERSION = YES;
				CLANG_WARN_OBJC_IMPLICIT_RETAIN_SELF = YES;
				CLANG_WARN_OBJC_LITERAL_CONVERSION = YES;
				CLANG_WARN_OBJC_ROOT_CLASS = YES_ERROR;
				CLANG_WARN_QUOTED_INCLUDE_IN_FRAMEWORK_HEADER = YES;
				CLANG_WARN_RANGE_LOOP_ANALYSIS = YES;
				CLANG_WARN_STRICT_PROTOTYPES = YES;
				CLANG_WARN_SUSPICIOUS_MOVE = YES;
				CLANG_WARN_UNGUARDED_AVAILABILITY = YES_AGGRESSIVE;
				CLANG_WARN_UNREACHABLE_CODE = YES;
				CLANG_WARN__DUPLICATE_METHOD_MATCH = YES;
				COPY_PHASE_STRIP = NO;
				DEBUG_INFORMATION_FORMAT = "dwarf-with-dsym";
				ENABLE_NS_ASSERTIONS = NO;
				ENABLE_STRICT_OBJC_MSGSEND = YES;
				GCC_C_LANGUAGE_STANDARD = gnu11;
				GCC_NO_COMMON_BLOCKS = YES;
				GCC_WARN_64_TO_32_BIT_CONVERSION = YES;
				GCC_WARN_ABOUT_RETURN_TYPE = YES_ERROR;
				GCC_WARN_UNDECLARED_SELECTOR = YES;
				GCC_WARN_UNINITIALIZED_AUTOS = YES_AGGRESSIVE;
				GCC_WARN_UNUSED_FUNCTION = YES;
				GCC_WARN_UNUSED_VARIABLE = YES;
				IPHONEOS_DEPLOYMENT_TARGET = 14.0;
				MTL_ENABLE_DEBUG_INFO = NO;
				MTL_FAST_MATH = YES;
				SDKROOT = iphoneos;
				SWIFT_COMPILATION_MODE = wholemodule;
				SWIFT_OPTIMIZATION_LEVEL = "-O";
				VALIDATE_PRODUCT = YES;
			};
			name = Release;
		};
		F601237429643269007DF5D4 /* Debug */ = {
			isa = XCBuildConfiguration;
			baseConfigurationReference = 73A00CB3389095F25C00E9BF /* Pods-SpaceX.debug.xcconfig */;
			buildSettings = {
				ASSETCATALOG_COMPILER_APPICON_NAME = AppIcon;
				ASSETCATALOG_COMPILER_GLOBAL_ACCENT_COLOR_NAME = AccentColor;
				CODE_SIGN_STYLE = Automatic;
				CURRENT_PROJECT_VERSION = 1;
				DEVELOPMENT_TEAM = 85TWJ8G7R5;
				GENERATE_INFOPLIST_FILE = YES;
				INFOPLIST_FILE = SpaceX/Info.plist;
				INFOPLIST_KEY_UIApplicationSupportsIndirectInputEvents = YES;
				INFOPLIST_KEY_UILaunchStoryboardName = LaunchScreen;
				INFOPLIST_KEY_UIRequiredDeviceCapabilities = armv7;
				INFOPLIST_KEY_UISupportedInterfaceOrientations_iPad = "UIInterfaceOrientationPortrait UIInterfaceOrientationPortraitUpsideDown UIInterfaceOrientationLandscapeLeft UIInterfaceOrientationLandscapeRight";
				INFOPLIST_KEY_UISupportedInterfaceOrientations_iPhone = "UIInterfaceOrientationPortrait UIInterfaceOrientationLandscapeLeft UIInterfaceOrientationLandscapeRight";
				LD_RUNPATH_SEARCH_PATHS = (
					"$(inherited)",
					"@executable_path/Frameworks",
				);
				MARKETING_VERSION = 1.0;
				PRODUCT_BUNDLE_IDENTIFIER = com.spacex.mvvm.SpaceX;
				PRODUCT_NAME = "$(TARGET_NAME)";
				SWIFT_EMIT_LOC_STRINGS = YES;
				SWIFT_VERSION = 5.0;
				TARGETED_DEVICE_FAMILY = "1,2";
			};
			name = Debug;
		};
		F601237529643269007DF5D4 /* Release */ = {
			isa = XCBuildConfiguration;
			baseConfigurationReference = 0C52100B8F0986CE40E97EFE /* Pods-SpaceX.release.xcconfig */;
			buildSettings = {
				ASSETCATALOG_COMPILER_APPICON_NAME = AppIcon;
				ASSETCATALOG_COMPILER_GLOBAL_ACCENT_COLOR_NAME = AccentColor;
				CODE_SIGN_STYLE = Automatic;
				CURRENT_PROJECT_VERSION = 1;
				DEVELOPMENT_TEAM = 85TWJ8G7R5;
				GENERATE_INFOPLIST_FILE = YES;
				INFOPLIST_FILE = SpaceX/Info.plist;
				INFOPLIST_KEY_UIApplicationSupportsIndirectInputEvents = YES;
				INFOPLIST_KEY_UILaunchStoryboardName = LaunchScreen;
				INFOPLIST_KEY_UIRequiredDeviceCapabilities = armv7;
				INFOPLIST_KEY_UISupportedInterfaceOrientations_iPad = "UIInterfaceOrientationPortrait UIInterfaceOrientationPortraitUpsideDown UIInterfaceOrientationLandscapeLeft UIInterfaceOrientationLandscapeRight";
				INFOPLIST_KEY_UISupportedInterfaceOrientations_iPhone = "UIInterfaceOrientationPortrait UIInterfaceOrientationLandscapeLeft UIInterfaceOrientationLandscapeRight";
				LD_RUNPATH_SEARCH_PATHS = (
					"$(inherited)",
					"@executable_path/Frameworks",
				);
				MARKETING_VERSION = 1.0;
				PRODUCT_BUNDLE_IDENTIFIER = com.spacex.mvvm.SpaceX;
				PRODUCT_NAME = "$(TARGET_NAME)";
				SWIFT_EMIT_LOC_STRINGS = YES;
				SWIFT_VERSION = 5.0;
				TARGETED_DEVICE_FAMILY = "1,2";
			};
			name = Release;
		};
/* End XCBuildConfiguration section */

/* Begin XCConfigurationList section */
		F601235A29643267007DF5D4 /* Build configuration list for PBXProject "SpaceX" */ = {
			isa = XCConfigurationList;
			buildConfigurations = (
				F601237129643269007DF5D4 /* Debug */,
				F601237229643269007DF5D4 /* Release */,
			);
			defaultConfigurationIsVisible = 0;
			defaultConfigurationName = Release;
		};
		F601237329643269007DF5D4 /* Build configuration list for PBXNativeTarget "SpaceX" */ = {
			isa = XCConfigurationList;
			buildConfigurations = (
				F601237429643269007DF5D4 /* Debug */,
				F601237529643269007DF5D4 /* Release */,
			);
			defaultConfigurationIsVisible = 0;
			defaultConfigurationName = Release;
		};
/* End XCConfigurationList section */
	};
	rootObject = F601235729643267007DF5D4 /* Project object */;
}
